
Microsoft Visual Studio Solution File, Format Version 11.00
# Visual Studio 2010
Project("{FAE04EC0-301F-11D3-BF4B-00C04F79EFBC}") = "Assembly-CSharp", "Assembly-CSharp.csproj", "{96f8b95a-b65f-d855-f8c6-0c8ae4c0d873}"
EndProject
Project("{FAE04EC0-301F-11D3-BF4B-00C04F79EFBC}") = "Assembly-CSharp-Editor", "Assembly-CSharp-Editor.csproj", "{b67fef03-3180-aba7-310f-5fb4f3bc5096}"
EndProject
Global
	GlobalSection(SolutionConfigurationPlatforms) = preSolution
		Debug|Any CPU = Debug|Any CPU
	EndGlobalSection
	GlobalSection(ProjectConfigurationPlatforms) = postSolution
		{96f8b95a-b65f-d855-f8c6-0c8ae4c0d873}.Debug|Any CPU.ActiveCfg = Debug|Any CPU
		{96f8b95a-b65f-d855-f8c6-0c8ae4c0d873}.Debug|Any CPU.Build.0 = Debug|Any CPU
		{b67fef03-3180-aba7-310f-5fb4f3bc5096}.Debug|Any CPU.ActiveCfg = Debug|Any CPU
		{b67fef03-3180-aba7-310f-5fb4f3bc5096}.Debug|Any CPU.Build.0 = Debug|Any CPU
	EndGlobalSection
	GlobalSection(SolutionProperties) = preSolution
		HideSolutionNode = FALSE
	EndGlobalSection
EndGlobal
