
Microsoft Visual Studio Solution File, Format Version 11.00
# Visual Studio 2010
Project("{FAE04EC0-301F-11D3-BF4B-00C04F79EFBC}") = "Assembly-CSharp", "Assembly-CSharp.csproj", "{e797bf27-9ac4-d855-9e17-f7ba54d4ec65}"
EndProject
Project("{FAE04EC0-301F-11D3-BF4B-00C04F79EFBC}") = "Assembly-CSharp-Editor", "Assembly-CSharp-Editor.csproj", "{e4a94051-0210-1631-70ee-5129ed90ee14}"
EndProject
Global
	GlobalSection(SolutionConfigurationPlatforms) = preSolution
		Debug|Any CPU = Debug|Any CPU
	EndGlobalSection
	GlobalSection(ProjectConfigurationPlatforms) = postSolution
		{e797bf27-9ac4-d855-9e17-f7ba54d4ec65}.Debug|Any CPU.ActiveCfg = Debug|Any CPU
		{e797bf27-9ac4-d855-9e17-f7ba54d4ec65}.Debug|Any CPU.Build.0 = Debug|Any CPU
		{e4a94051-0210-1631-70ee-5129ed90ee14}.Debug|Any CPU.ActiveCfg = Debug|Any CPU
		{e4a94051-0210-1631-70ee-5129ed90ee14}.Debug|Any CPU.Build.0 = Debug|Any CPU
	EndGlobalSection
	GlobalSection(SolutionProperties) = preSolution
		HideSolutionNode = FALSE
	EndGlobalSection
EndGlobal
